{
  "name": "bot-binance",
  "version": "1.0.0",
  "lockfileVersion": 2,
  "requires": true,
  "packages": {
    "": {
      "name": "bot-binance",
      "version": "1.0.0",
      "license": "ISC",
      "dependencies": {
        "ccxt": "^3.1.30",
        "dotenv": "^16.1.4"
      }
    },
    "node_modules/ccxt": {
      "version": "3.1.30",
      "resolved": "https://registry.npmjs.org/ccxt/-/ccxt-3.1.30.tgz",
      "integrity": "sha512-QgeXjTAh6N/tq4f81Ll/YxPC45AzFX4SZ5NALtiCW6WH3nzsct51HWRCP+vfjg0+0PG9do6sJkr60bjdB3zmuA==",
      "hasInstallScript": true,
      "dependencies": {
        "ws": "^8.8.1"
      },
      "engines": {
        "node": ">=15.0.0"
      }
    },
    "node_modules/dotenv": {
      "version": "16.1.4",
      "resolved": "https://registry.npmjs.org/dotenv/-/dotenv-16.1.4.tgz",
      "integrity": "sha512-m55RtE8AsPeJBpOIFKihEmqUcoVncQIwo7x9U8ZwLEZw9ZpXboz2c+rvog+jUaJvVrZ5kBOeYQBX5+8Aa/OZQw==",
      "engines": {
        "node": ">=12"
      },
      "funding": {
        "url": "https://github.com/motdotla/dotenv?sponsor=1"
      }
    },
    "node_modules/ws": {
      "version": "8.13.0",
      "resolved": "https://registry.npmjs.org/ws/-/ws-8.13.0.tgz",
      "integrity": "sha512-x9vcZYTrFPC7aSIbj7sRCYo7L/Xb8Iy+pW0ng0wt2vCJv7M9HOMy0UoN3rr+IFC7hb7vXoqS+P9ktyLLLhO+LA==",
      "engines": {
        "node": ">=10.0.0"
      },
      "peerDependencies": {
        "bufferutil": "^4.0.1",
        "utf-8-validate": ">=5.0.2"
      },
      "peerDependenciesMeta": {
        "bufferutil": {
          "optional": true
        },
        "utf-8-validate": {
          "optional": true
        }
      }
    }
  },
  "dependencies": {
    "ccxt": {
      "version": "3.1.30",
      "resolved": "https://registry.npmjs.org/ccxt/-/ccxt-3.1.30.tgz",
      "integrity": "sha512-QgeXjTAh6N/tq4f81Ll/YxPC45AzFX4SZ5NALtiCW6WH3nzsct51HWRCP+vfjg0+0PG9do6sJkr60bjdB3zmuA==",
      "requires": {
        "ws": "^8.8.1"
      }
    },
    "dotenv": {
      "version": "16.1.4",
      "resolved": "https://registry.npmjs.org/dotenv/-/dotenv-16.1.4.tgz",
      "integrity": "sha512-m55RtE8AsPeJBpOIFKihEmqUcoVncQIwo7x9U8ZwLEZw9ZpXboz2c+rvog+jUaJvVrZ5kBOeYQBX5+8Aa/OZQw=="
    },
    "ws": {
      "version": "8.13.0",
      "resolved": "https://registry.npmjs.org/ws/-/ws-8.13.0.tgz",
      "integrity": "sha512-x9vcZYTrFPC7aSIbj7sRCYo7L/Xb8Iy+pW0ng0wt2vCJv7M9HOMy0UoN3rr+IFC7hb7vXoqS+P9ktyLLLhO+LA==",
      "requires": {}
    }
  }
}
